
Microsoft Visual Studio Solution File, Format Version 12.00
# Visual Studio Version 17
VisualStudioVersion = 17.4.33122.133
MinimumVisualStudioVersion = 10.0.40219.1
Project("{FAE04EC0-301F-11D3-BF4B-00C04F79EFBC}") = "Practicum_14.3.3", "Practicum_14.3.3\Practicum_14.3.3.csproj", "{6F8B47C4-FDD5-49EB-AC30-21C20E18755E}"
EndProject
Global
	GlobalSection(SolutionConfigurationPlatforms) = preSolution
		Debug|Any CPU = Debug|Any CPU
		Release|Any CPU = Release|Any CPU
	EndGlobalSection
	GlobalSection(ProjectConfigurationPlatforms) = postSolution
		{6F8B47C4-FDD5-49EB-AC30-21C20E18755E}.Debug|Any CPU.ActiveCfg = Debug|Any CPU
		{6F8B47C4-FDD5-49EB-AC30-21C20E18755E}.Debug|Any CPU.Build.0 = Debug|Any CPU
		{6F8B47C4-FDD5-49EB-AC30-21C20E18755E}.Release|Any CPU.ActiveCfg = Release|Any CPU
		{6F8B47C4-FDD5-49EB-AC30-21C20E18755E}.Release|Any CPU.Build.0 = Release|Any CPU
	EndGlobalSection
	GlobalSection(SolutionProperties) = preSolution
		HideSolutionNode = FALSE
	EndGlobalSection
	GlobalSection(ExtensibilityGlobals) = postSolution
		SolutionGuid = {655DAA71-3904-4C27-B4C8-2972226787B5}
	EndGlobalSection
EndGlobal
